{
    "name": "cafe-shop",
    "version": "1.0.0",
    "lockfileVersion": 1,
    "requires": true,
    "dependencies": {
      "body-parser": {
        "version": "1.19.0",
        "resolved": "https://registry.npmjs.org/body-parser/-/body-parser-1.19.0.tgz",
        "integrity": "sha512-dhEPs72UP0DQ3IiB8Z6r+HfC8DbZ1bN5/JlZlczD+R+g+UqR+uB0R6S/QgzYzWxA7ZHpA0IWINdeZ8BzlHwIow==",
        "dev": true,
        "optional": true
      },
      "ejs": {
        "version": "3.1.6",
        "resolved": "https://registry.npmjs.org/ejs/-/ejs-3.1.6.tgz",
        "integrity": "sha512-BJ9q6xkrxcKxMRj8HhjxOKG35P9sCrOSlYyW6z8e/S6DH4hXXm+Q8gA+tL6nGHRyWnlZ9e9Rl4a+G2zb8bHJ3g==",
        "dev": true,
        "optional": true
      },
      "express": {
        "version": "4.17.1",
        "resolved": "https://registry.npmjs.org/express/-/express-4.17.1.tgz",
        "integrity": "sha512-mHJ9O79RqluphRrcw2X/GTh3k9tVv8YcoyY4Kkh4WDMUYKRZUq0h8LGuNrJ4jw0f8sKuj2CxKuNCh3+lR0PZOA==",
        "dev": true,
        "optional": true
      }
    },
    "engines": {
      "node": ">=6.0.0"
    },
    "bundled": true,
    "optional": true
  }
  